// !$*UTF8*$!
{
	archiveVersion = 1;
	classes = {
	};
	objectVersion = 56;
	objects = {

/* Begin PBXBuildFile section */
		357D689E2A39178500648221 /* loodosVakaApp.swift in Sources */ = {isa = PBXBuildFile; fileRef = 357D689D2A39178500648221 /* loodosVakaApp.swift */; };
		357D68A02A39178500648221 /* ContentView.swift in Sources */ = {isa = PBXBuildFile; fileRef = 357D689F2A39178500648221 /* ContentView.swift */; };
		357D68A22A39178600648221 /* Assets.xcassets in Resources */ = {isa = PBXBuildFile; fileRef = 357D68A12A39178600648221 /* Assets.xcassets */; };
		357D68A52A39178600648221 /* Preview Assets.xcassets in Resources */ = {isa = PBXBuildFile; fileRef = 357D68A42A39178600648221 /* Preview Assets.xcassets */; };
		357D68AF2A39178700648221 /* loodosVakaTests.swift in Sources */ = {isa = PBXBuildFile; fileRef = 357D68AE2A39178700648221 /* loodosVakaTests.swift */; };
		357D68B92A39178700648221 /* loodosVakaUITests.swift in Sources */ = {isa = PBXBuildFile; fileRef = 357D68B82A39178700648221 /* loodosVakaUITests.swift */; };
		357D68BB2A39178700648221 /* loodosVakaUITestsLaunchTests.swift in Sources */ = {isa = PBXBuildFile; fileRef = 357D68BA2A39178700648221 /* loodosVakaUITestsLaunchTests.swift */; };
/* End PBXBuildFile section */

/* Begin PBXContainerItemProxy section */
		357D68AB2A39178700648221 /* PBXContainerItemProxy */ = {
			isa = PBXContainerItemProxy;
			containerPortal = 357D68922A39178500648221 /* Project object */;
			proxyType = 1;
			remoteGlobalIDString = 357D68992A39178500648221;
			remoteInfo = loodosVaka;
		};
		357D68B52A39178700648221 /* PBXContainerItemProxy */ = {
			isa = PBXContainerItemProxy;
			containerPortal = 357D68922A39178500648221 /* Project object */;
			proxyType = 1;
			remoteGlobalIDString = 357D68992A39178500648221;
			remoteInfo = loodosVaka;
		};
/* End PBXContainerItemProxy section */

/* Begin PBXFileReference section */
		357D689A2A39178500648221 /* loodosVaka.app */ = {isa = PBXFileReference; explicitFileType = wrapper.application; includeInIndex = 0; path = loodosVaka.app; sourceTree = BUILT_PRODUCTS_DIR; };
		357D689D2A39178500648221 /* loodosVakaApp.swift */ = {isa = PBXFileReference; lastKnownFileType = sourcecode.swift; path = loodosVakaApp.swift; sourceTree = "<group>"; };
		357D689F2A39178500648221 /* ContentView.swift */ = {isa = PBXFileReference; lastKnownFileType = sourcecode.swift; path = ContentView.swift; sourceTree = "<group>"; };
		357D68A12A39178600648221 /* Assets.xcassets */ = {isa = PBXFileReference; lastKnownFileType = folder.assetcatalog; path = Assets.xcassets; sourceTree = "<group>"; };
		357D68A42A39178600648221 /* Preview Assets.xcassets */ = {isa = PBXFileReference; lastKnownFileType = folder.assetcatalog; path = "Preview Assets.xcassets"; sourceTree = "<group>"; };
		357D68AA2A39178700648221 /* loodosVakaTests.xctest */ = {isa = PBXFileReference; explicitFileType = wrapper.cfbundle; includeInIndex = 0; path = loodosVakaTests.xctest; sourceTree = BUILT_PRODUCTS_DIR; };
		357D68AE2A39178700648221 /* loodosVakaTests.swift */ = {isa = PBXFileReference; lastKnownFileType = sourcecode.swift; path = loodosVakaTests.swift; sourceTree = "<group>"; };
		357D68B42A39178700648221 /* loodosVakaUITests.xctest */ = {isa = PBXFileReference; explicitFileType = wrapper.cfbundle; includeInIndex = 0; path = loodosVakaUITests.xctest; sourceTree = BUILT_PRODUCTS_DIR; };
		357D68B82A39178700648221 /* loodosVakaUITests.swift */ = {isa = PBXFileReference; lastKnownFileType = sourcecode.swift; path = loodosVakaUITests.swift; sourceTree = "<group>"; };
		357D68BA2A39178700648221 /* loodosVakaUITestsLaunchTests.swift */ = {isa = PBXFileReference; lastKnownFileType = sourcecode.swift; path = loodosVakaUITestsLaunchTests.swift; sourceTree = "<group>"; };
/* End PBXFileReference section */

/* Begin PBXFrameworksBuildPhase section */
		357D68972A39178500648221 /* Frameworks */ = {
			isa = PBXFrameworksBuildPhase;
			buildActionMask = 2147483647;
			files = (
			);
			runOnlyForDeploymentPostprocessing = 0;
		};
		357D68A72A39178700648221 /* Frameworks */ = {
			isa = PBXFrameworksBuildPhase;
			buildActionMask = 2147483647;
			files = (
			);
			runOnlyForDeploymentPostprocessing = 0;
		};
		357D68B12A39178700648221 /* Frameworks */ = {
			isa = PBXFrameworksBuildPhase;
			buildActionMask = 2147483647;
			files = (
			);
			runOnlyForDeploymentPostprocessing = 0;
		};
/* End PBXFrameworksBuildPhase section */

/* Begin PBXGroup section */
		357D68912A39178500648221 = {
			isa = PBXGroup;
			children = (
				357D689C2A39178500648221 /* loodosVaka */,
				357D68AD2A39178700648221 /* loodosVakaTests */,
				357D68B72A39178700648221 /* loodosVakaUITests */,
				357D689B2A39178500648221 /* Products */,
			);
			sourceTree = "<group>";
		};
		357D689B2A39178500648221 /* Products */ = {
			isa = PBXGroup;
			children = (
				357D689A2A39178500648221 /* loodosVaka.app */,
				357D68AA2A39178700648221 /* loodosVakaTests.xctest */,
				357D68B42A39178700648221 /* loodosVakaUITests.xctest */,
			);
			name = Products;
			sourceTree = "<group>";
		};
		357D689C2A39178500648221 /* loodosVaka */ = {
			isa = PBXGroup;
			children = (
				357D689D2A39178500648221 /* loodosVakaApp.swift */,
				357D689F2A39178500648221 /* ContentView.swift */,
				357D68A12A39178600648221 /* Assets.xcassets */,
				357D68A32A39178600648221 /* Preview Content */,
			);
			path = loodosVaka;
			sourceTree = "<group>";
		};
		357D68A32A39178600648221 /* Preview Content */ = {
			isa = PBXGroup;
			children = (
				357D68A42A39178600648221 /* Preview Assets.xcassets */,
			);
			path = "Preview Content";
			sourceTree = "<group>";
		};
		357D68AD2A39178700648221 /* loodosVakaTests */ = {
			isa = PBXGroup;
			children = (
				357D68AE2A39178700648221 /* loodosVakaTests.swift */,
			);
			path = loodosVakaTests;
			sourceTree = "<group>";
		};
		357D68B72A39178700648221 /* loodosVakaUITests */ = {
			isa = PBXGroup;
			children = (
				357D68B82A39178700648221 /* loodosVakaUITests.swift */,
				357D68BA2A39178700648221 /* loodosVakaUITestsLaunchTests.swift */,
			);
			path = loodosVakaUITests;
			sourceTree = "<group>";
		};
/* End PBXGroup section */

/* Begin PBXNativeTarget section */
		357D68992A39178500648221 /* loodosVaka */ = {
			isa = PBXNativeTarget;
			buildConfigurationList = 357D68BE2A39178700648221 /* Build configuration list for PBXNativeTarget "loodosVaka" */;
			buildPhases = (
				357D68962A39178500648221 /* Sources */,
				357D68972A39178500648221 /* Frameworks */,
				357D68982A39178500648221 /* Resources */,
			);
			buildRules = (
			);
			dependencies = (
			);
			name = loodosVaka;
			productName = loodosVaka;
			productReference = 357D689A2A39178500648221 /* loodosVaka.app */;
			productType = "com.apple.product-type.application";
		};
		357D68A92A39178700648221 /* loodosVakaTests */ = {
			isa = PBXNativeTarget;
			buildConfigurationList = 357D68C12A39178700648221 /* Build configuration list for PBXNativeTarget "loodosVakaTests" */;
			buildPhases = (
				357D68A62A39178700648221 /* Sources */,
				357D68A72A39178700648221 /* Frameworks */,
				357D68A82A39178700648221 /* Resources */,
			);
			buildRules = (
			);
			dependencies = (
				357D68AC2A39178700648221 /* PBXTargetDependency */,
			);
			name = loodosVakaTests;
			productName = loodosVakaTests;
			productReference = 357D68AA2A39178700648221 /* loodosVakaTests.xctest */;
			productType = "com.apple.product-type.bundle.unit-test";
		};
		357D68B32A39178700648221 /* loodosVakaUITests */ = {
			isa = PBXNativeTarget;
			buildConfigurationList = 357D68C42A39178700648221 /* Build configuration list for PBXNativeTarget "loodosVakaUITests" */;
			buildPhases = (
				357D68B02A39178700648221 /* Sources */,
				357D68B12A39178700648221 /* Frameworks */,
				357D68B22A39178700648221 /* Resources */,
			);
			buildRules = (
			);
			dependencies = (
				357D68B62A39178700648221 /* PBXTargetDependency */,
			);
			name = loodosVakaUITests;
			productName = loodosVakaUITests;
			productReference = 357D68B42A39178700648221 /* loodosVakaUITests.xctest */;
			productType = "com.apple.product-type.bundle.ui-testing";
		};
/* End PBXNativeTarget section */

/* Begin PBXProject section */
		357D68922A39178500648221 /* Project object */ = {
			isa = PBXProject;
			attributes = {
				BuildIndependentTargetsInParallel = 1;
				LastSwiftUpdateCheck = 1430;
				LastUpgradeCheck = 1430;
				TargetAttributes = {
					357D68992A39178500648221 = {
						CreatedOnToolsVersion = 14.3.1;
					};
					357D68A92A39178700648221 = {
						CreatedOnToolsVersion = 14.3.1;
						TestTargetID = 357D68992A39178500648221;
					};
					357D68B32A39178700648221 = {
						CreatedOnToolsVersion = 14.3.1;
						TestTargetID = 357D68992A39178500648221;
					};
				};
			};
			buildConfigurationList = 357D68952A39178500648221 /* Build configuration list for PBXProject "loodosVaka" */;
			compatibilityVersion = "Xcode 14.0";
			developmentRegion = en;
			hasScannedForEncodings = 0;
			knownRegions = (
				en,
				Base,
			);
			mainGroup = 357D68912A39178500648221;
			productRefGroup = 357D689B2A39178500648221 /* Products */;
			projectDirPath = "";
			projectRoot = "";
			targets = (
				357D68992A39178500648221 /* loodosVaka */,
				357D68A92A39178700648221 /* loodosVakaTests */,
				357D68B32A39178700648221 /* loodosVakaUITests */,
			);
		};
/* End PBXProject section */

/* Begin PBXResourcesBuildPhase section */
		357D68982A39178500648221 /* Resources */ = {
			isa = PBXResourcesBuildPhase;
			buildActionMask = 2147483647;
			files = (
				357D68A52A39178600648221 /* Preview Assets.xcassets in Resources */,
				357D68A22A39178600648221 /* Assets.xcassets in Resources */,
			);
			runOnlyForDeploymentPostprocessing = 0;
		};
		357D68A82A39178700648221 /* Resources */ = {
			isa = PBXResourcesBuildPhase;
			buildActionMask = 2147483647;
			files = (
			);
			runOnlyForDeploymentPostprocessing = 0;
		};
		357D68B22A39178700648221 /* Resources */ = {
			isa = PBXResourcesBuildPhase;
			buildActionMask = 2147483647;
			files = (
			);
			runOnlyForDeploymentPostprocessing = 0;
		};
/* End PBXResourcesBuildPhase section */

/* Begin PBXSourcesBuildPhase section */
		357D68962A39178500648221 /* Sources */ = {
			isa = PBXSourcesBuildPhase;
			buildActionMask = 2147483647;
			files = (
				357D68A02A39178500648221 /* ContentView.swift in Sources */,
				357D689E2A39178500648221 /* loodosVakaApp.swift in Sources */,
			);
			runOnlyForDeploymentPostprocessing = 0;
		};
		357D68A62A39178700648221 /* Sources */ = {
			isa = PBXSourcesBuildPhase;
			buildActionMask = 2147483647;
			files = (
				357D68AF2A39178700648221 /* loodosVakaTests.swift in Sources */,
			);
			runOnlyForDeploymentPostprocessing = 0;
		};
		357D68B02A39178700648221 /* Sources */ = {
			isa = PBXSourcesBuildPhase;
			buildActionMask = 2147483647;
			files = (
				357D68B92A39178700648221 /* loodosVakaUITests.swift in Sources */,
				357D68BB2A39178700648221 /* loodosVakaUITestsLaunchTests.swift in Sources */,
			);
			runOnlyForDeploymentPostprocessing = 0;
		};
/* End PBXSourcesBuildPhase section */

/* Begin PBXTargetDependency section */
		357D68AC2A39178700648221 /* PBXTargetDependency */ = {
			isa = PBXTargetDependency;
			target = 357D68992A39178500648221 /* loodosVaka */;
			targetProxy = 357D68AB2A39178700648221 /* PBXContainerItemProxy */;
		};
		357D68B62A39178700648221 /* PBXTargetDependency */ = {
			isa = PBXTargetDependency;
			target = 357D68992A39178500648221 /* loodosVaka */;
			targetProxy = 357D68B52A39178700648221 /* PBXContainerItemProxy */;
		};
/* End PBXTargetDependency section */

/* Begin XCBuildConfiguration section */
		357D68BC2A39178700648221 /* Debug */ = {
			isa = XCBuildConfiguration;
			buildSettings = {
				ALWAYS_SEARCH_USER_PATHS = NO;
				CLANG_ANALYZER_NONNULL = YES;
				CLANG_ANALYZER_NUMBER_OBJECT_CONVERSION = YES_AGGRESSIVE;
				CLANG_CXX_LANGUAGE_STANDARD = "gnu++20";
				CLANG_ENABLE_MODULES = YES;
				CLANG_ENABLE_OBJC_ARC = YES;
				CLANG_ENABLE_OBJC_WEAK = YES;
				CLANG_WARN_BLOCK_CAPTURE_AUTORELEASING = YES;
				CLANG_WARN_BOOL_CONVERSION = YES;
				CLANG_WARN_COMMA = YES;
				CLANG_WARN_CONSTANT_CONVERSION = YES;
				CLANG_WARN_DEPRECATED_OBJC_IMPLEMENTATIONS = YES;
				CLANG_WARN_DIRECT_OBJC_ISA_USAGE = YES_ERROR;
				CLANG_WARN_DOCUMENTATION_COMMENTS = YES;
				CLANG_WARN_EMPTY_BODY = YES;
				CLANG_WARN_ENUM_CONVERSION = YES;
				CLANG_WARN_INFINITE_RECURSION = YES;
				CLANG_WARN_INT_CONVERSION = YES;
				CLANG_WARN_NON_LITERAL_NULL_CONVERSION = YES;
				CLANG_WARN_OBJC_IMPLICIT_RETAIN_SELF = YES;
				CLANG_WARN_OBJC_LITERAL_CONVERSION = YES;
				CLANG_WARN_OBJC_ROOT_CLASS = YES_ERROR;
				CLANG_WARN_QUOTED_INCLUDE_IN_FRAMEWORK_HEADER = YES;
				CLANG_WARN_RANGE_LOOP_ANALYSIS = YES;
				CLANG_WARN_STRICT_PROTOTYPES = YES;
				CLANG_WARN_SUSPICIOUS_MOVE = YES;
				CLANG_WARN_UNGUARDED_AVAILABILITY = YES_AGGRESSIVE;
				CLANG_WARN_UNREACHABLE_CODE = YES;
				CLANG_WARN__DUPLICATE_METHOD_MATCH = YES;
				COPY_PHASE_STRIP = NO;
				DEBUG_INFORMATION_FORMAT = dwarf;
				ENABLE_STRICT_OBJC_MSGSEND = YES;
				ENABLE_TESTABILITY = YES;
				GCC_C_LANGUAGE_STANDARD = gnu11;
				GCC_DYNAMIC_NO_PIC = NO;
				GCC_NO_COMMON_BLOCKS = YES;
				GCC_OPTIMIZATION_LEVEL = 0;
				GCC_PREPROCESSOR_DEFINITIONS = (
					"DEBUG=1",
					"$(inherited)",
				);
				GCC_WARN_64_TO_32_BIT_CONVERSION = YES;
				GCC_WARN_ABOUT_RETURN_TYPE = YES_ERROR;
				GCC_WARN_UNDECLARED_SELECTOR = YES;
				GCC_WARN_UNINITIALIZED_AUTOS = YES_AGGRESSIVE;
				GCC_WARN_UNUSED_FUNCTION = YES;
				GCC_WARN_UNUSED_VARIABLE = YES;
				IPHONEOS_DEPLOYMENT_TARGET = 16.4;
				MTL_ENABLE_DEBUG_INFO = INCLUDE_SOURCE;
				MTL_FAST_MATH = YES;
				ONLY_ACTIVE_ARCH = YES;
				SDKROOT = iphoneos;
				SWIFT_ACTIVE_COMPILATION_CONDITIONS = DEBUG;
				SWIFT_OPTIMIZATION_LEVEL = "-Onone";
			};
			name = Debug;
		};
		357D68BD2A39178700648221 /* Release */ = {
			isa = XCBuildConfiguration;
			buildSettings = {
				ALWAYS_SEARCH_USER_PATHS = NO;
				CLANG_ANALYZER_NONNULL = YES;
				CLANG_ANALYZER_NUMBER_OBJECT_CONVERSION = YES_AGGRESSIVE;
				CLANG_CXX_LANGUAGE_STANDARD = "gnu++20";
				CLANG_ENABLE_MODULES = YES;
				CLANG_ENABLE_OBJC_ARC = YES;
				CLANG_ENABLE_OBJC_WEAK = YES;
				CLANG_WARN_BLOCK_CAPTURE_AUTORELEASING = YES;
				CLANG_WARN_BOOL_CONVERSION = YES;
				CLANG_WARN_COMMA = YES;
				CLANG_WARN_CONSTANT_CONVERSION = YES;
				CLANG_WARN_DEPRECATED_OBJC_IMPLEMENTATIONS = YES;
				CLANG_WARN_DIRECT_OBJC_ISA_USAGE = YES_ERROR;
				CLANG_WARN_DOCUMENTATION_COMMENTS = YES;
				CLANG_WARN_EMPTY_BODY = YES;
				CLANG_WARN_ENUM_CONVERSION = YES;
				CLANG_WARN_INFINITE_RECURSION = YES;
				CLANG_WARN_INT_CONVERSION = YES;
				CLANG_WARN_NON_LITERAL_NULL_CONVERSION = YES;
				CLANG_WARN_OBJC_IMPLICIT_RETAIN_SELF = YES;
				CLANG_WARN_OBJC_LITERAL_CONVERSION = YES;
				CLANG_WARN_OBJC_ROOT_CLASS = YES_ERROR;
				CLANG_WARN_QUOTED_INCLUDE_IN_FRAMEWORK_HEADER = YES;
				CLANG_WARN_RANGE_LOOP_ANALYSIS = YES;
				CLANG_WARN_STRICT_PROTOTYPES = YES;
				CLANG_WARN_SUSPICIOUS_MOVE = YES;
				CLANG_WARN_UNGUARDED_AVAILABILITY = YES_AGGRESSIVE;
				CLANG_WARN_UNREACHABLE_CODE = YES;
				CLANG_WARN__DUPLICATE_METHOD_MATCH = YES;
				COPY_PHASE_STRIP = NO;
				DEBUG_INFORMATION_FORMAT = "dwarf-with-dsym";
				ENABLE_NS_ASSERTIONS = NO;
				ENABLE_STRICT_OBJC_MSGSEND = YES;
				GCC_C_LANGUAGE_STANDARD = gnu11;
				GCC_NO_COMMON_BLOCKS = YES;
				GCC_WARN_64_TO_32_BIT_CONVERSION = YES;
				GCC_WARN_ABOUT_RETURN_TYPE = YES_ERROR;
				GCC_WARN_UNDECLARED_SELECTOR = YES;
				GCC_WARN_UNINITIALIZED_AUTOS = YES_AGGRESSIVE;
				GCC_WARN_UNUSED_FUNCTION = YES;
				GCC_WARN_UNUSED_VARIABLE = YES;
				IPHONEOS_DEPLOYMENT_TARGET = 16.4;
				MTL_ENABLE_DEBUG_INFO = NO;
				MTL_FAST_MATH = YES;
				SDKROOT = iphoneos;
				SWIFT_COMPILATION_MODE = wholemodule;
				SWIFT_OPTIMIZATION_LEVEL = "-O";
				VALIDATE_PRODUCT = YES;
			};
			name = Release;
		};
		357D68BF2A39178700648221 /* Debug */ = {
			isa = XCBuildConfiguration;
			buildSettings = {
				ASSETCATALOG_COMPILER_APPICON_NAME = AppIcon;
				ASSETCATALOG_COMPILER_GLOBAL_ACCENT_COLOR_NAME = AccentColor;
				CODE_SIGN_STYLE = Automatic;
				CURRENT_PROJECT_VERSION = 1;
				DEVELOPMENT_ASSET_PATHS = "\"loodosVaka/Preview Content\"";
				DEVELOPMENT_TEAM = 5T5Z6BBS7B;
				ENABLE_PREVIEWS = YES;
				GENERATE_INFOPLIST_FILE = YES;
				INFOPLIST_KEY_UIApplicationSceneManifest_Generation = YES;
				INFOPLIST_KEY_UIApplicationSupportsIndirectInputEvents = YES;
				INFOPLIST_KEY_UILaunchScreen_Generation = YES;
				INFOPLIST_KEY_UISupportedInterfaceOrientations_iPad = "UIInterfaceOrientationPortrait UIInterfaceOrientationPortraitUpsideDown UIInterfaceOrientationLandscapeLeft UIInterfaceOrientationLandscapeRight";
				INFOPLIST_KEY_UISupportedInterfaceOrientations_iPhone = "UIInterfaceOrientationPortrait UIInterfaceOrientationLandscapeLeft UIInterfaceOrientationLandscapeRight";
				LD_RUNPATH_SEARCH_PATHS = (
					"$(inherited)",
					"@executable_path/Frameworks",
				);
				MARKETING_VERSION = 1.0;
				PRODUCT_BUNDLE_IDENTIFIER = ter.erkut.loodosVaka;
				PRODUCT_NAME = "$(TARGET_NAME)";
				SWIFT_EMIT_LOC_STRINGS = YES;
				SWIFT_VERSION = 5.0;
				TARGETED_DEVICE_FAMILY = "1,2";
			};
			name = Debug;
		};
		357D68C02A39178700648221 /* Release */ = {
			isa = XCBuildConfiguration;
			buildSettings = {
				ASSETCATALOG_COMPILER_APPICON_NAME = AppIcon;
				ASSETCATALOG_COMPILER_GLOBAL_ACCENT_COLOR_NAME = AccentColor;
				CODE_SIGN_STYLE = Automatic;
				CURRENT_PROJECT_VERSION = 1;
				DEVELOPMENT_ASSET_PATHS = "\"loodosVaka/Preview Content\"";
				DEVELOPMENT_TEAM = 5T5Z6BBS7B;
				ENABLE_PREVIEWS = YES;
				GENERATE_INFOPLIST_FILE = YES;
				INFOPLIST_KEY_UIApplicationSceneManifest_Generation = YES;
				INFOPLIST_KEY_UIApplicationSupportsIndirectInputEvents = YES;
				INFOPLIST_KEY_UILaunchScreen_Generation = YES;
				INFOPLIST_KEY_UISupportedInterfaceOrientations_iPad = "UIInterfaceOrientationPortrait UIInterfaceOrientationPortraitUpsideDown UIInterfaceOrientationLandscapeLeft UIInterfaceOrientationLandscapeRight";
				INFOPLIST_KEY_UISupportedInterfaceOrientations_iPhone = "UIInterfaceOrientationPortrait UIInterfaceOrientationLandscapeLeft UIInterfaceOrientationLandscapeRight";
				LD_RUNPATH_SEARCH_PATHS = (
					"$(inherited)",
					"@executable_path/Frameworks",
				);
				MARKETING_VERSION = 1.0;
				PRODUCT_BUNDLE_IDENTIFIER = ter.erkut.loodosVaka;
				PRODUCT_NAME = "$(TARGET_NAME)";
				SWIFT_EMIT_LOC_STRINGS = YES;
				SWIFT_VERSION = 5.0;
				TARGETED_DEVICE_FAMILY = "1,2";
			};
			name = Release;
		};
		357D68C22A39178700648221 /* Debug */ = {
			isa = XCBuildConfiguration;
			buildSettings = {
				ALWAYS_EMBED_SWIFT_STANDARD_LIBRARIES = YES;
				BUNDLE_LOADER = "$(TEST_HOST)";
				CODE_SIGN_STYLE = Automatic;
				CURRENT_PROJECT_VERSION = 1;
				DEVELOPMENT_TEAM = 5T5Z6BBS7B;
				GENERATE_INFOPLIST_FILE = YES;
				IPHONEOS_DEPLOYMENT_TARGET = 16.4;
				MARKETING_VERSION = 1.0;
				PRODUCT_BUNDLE_IDENTIFIER = ter.erkut.loodosVakaTests;
				PRODUCT_NAME = "$(TARGET_NAME)";
				SWIFT_EMIT_LOC_STRINGS = NO;
				SWIFT_VERSION = 5.0;
				TARGETED_DEVICE_FAMILY = "1,2";
				TEST_HOST = "$(BUILT_PRODUCTS_DIR)/loodosVaka.app/$(BUNDLE_EXECUTABLE_FOLDER_PATH)/loodosVaka";
			};
			name = Debug;
		};
		357D68C32A39178700648221 /* Release */ = {
			isa = XCBuildConfiguration;
			buildSettings = {
				ALWAYS_EMBED_SWIFT_STANDARD_LIBRARIES = YES;
				BUNDLE_LOADER = "$(TEST_HOST)";
				CODE_SIGN_STYLE = Automatic;
				CURRENT_PROJECT_VERSION = 1;
				DEVELOPMENT_TEAM = 5T5Z6BBS7B;
				GENERATE_INFOPLIST_FILE = YES;
				IPHONEOS_DEPLOYMENT_TARGET = 16.4;
				MARKETING_VERSION = 1.0;
				PRODUCT_BUNDLE_IDENTIFIER = ter.erkut.loodosVakaTests;
				PRODUCT_NAME = "$(TARGET_NAME)";
				SWIFT_EMIT_LOC_STRINGS = NO;
				SWIFT_VERSION = 5.0;
				TARGETED_DEVICE_FAMILY = "1,2";
				TEST_HOST = "$(BUILT_PRODUCTS_DIR)/loodosVaka.app/$(BUNDLE_EXECUTABLE_FOLDER_PATH)/loodosVaka";
			};
			name = Release;
		};
		357D68C52A39178700648221 /* Debug */ = {
			isa = XCBuildConfiguration;
			buildSettings = {
				ALWAYS_EMBED_SWIFT_STANDARD_LIBRARIES = YES;
				CODE_SIGN_STYLE = Automatic;
				CURRENT_PROJECT_VERSION = 1;
				DEVELOPMENT_TEAM = 5T5Z6BBS7B;
				GENERATE_INFOPLIST_FILE = YES;
				MARKETING_VERSION = 1.0;
				PRODUCT_BUNDLE_IDENTIFIER = ter.erkut.loodosVakaUITests;
				PRODUCT_NAME = "$(TARGET_NAME)";
				SWIFT_EMIT_LOC_STRINGS = NO;
				SWIFT_VERSION = 5.0;
				TARGETED_DEVICE_FAMILY = "1,2";
				TEST_TARGET_NAME = loodosVaka;
			};
			name = Debug;
		};
		357D68C62A39178700648221 /* Release */ = {
			isa = XCBuildConfiguration;
			buildSettings = {
				ALWAYS_EMBED_SWIFT_STANDARD_LIBRARIES = YES;
				CODE_SIGN_STYLE = Automatic;
				CURRENT_PROJECT_VERSION = 1;
				DEVELOPMENT_TEAM = 5T5Z6BBS7B;
				GENERATE_INFOPLIST_FILE = YES;
				MARKETING_VERSION = 1.0;
				PRODUCT_BUNDLE_IDENTIFIER = ter.erkut.loodosVakaUITests;
				PRODUCT_NAME = "$(TARGET_NAME)";
				SWIFT_EMIT_LOC_STRINGS = NO;
				SWIFT_VERSION = 5.0;
				TARGETED_DEVICE_FAMILY = "1,2";
				TEST_TARGET_NAME = loodosVaka;
			};
			name = Release;
		};
/* End XCBuildConfiguration section */

/* Begin XCConfigurationList section */
		357D68952A39178500648221 /* Build configuration list for PBXProject "loodosVaka" */ = {
			isa = XCConfigurationList;
			buildConfigurations = (
				357D68BC2A39178700648221 /* Debug */,
				357D68BD2A39178700648221 /* Release */,
			);
			defaultConfigurationIsVisible = 0;
			defaultConfigurationName = Release;
		};
		357D68BE2A39178700648221 /* Build configuration list for PBXNativeTarget "loodosVaka" */ = {
			isa = XCConfigurationList;
			buildConfigurations = (
				357D68BF2A39178700648221 /* Debug */,
				357D68C02A39178700648221 /* Release */,
			);
			defaultConfigurationIsVisible = 0;
			defaultConfigurationName = Release;
		};
		357D68C12A39178700648221 /* Build configuration list for PBXNativeTarget "loodosVakaTests" */ = {
			isa = XCConfigurationList;
			buildConfigurations = (
				357D68C22A39178700648221 /* Debug */,
				357D68C32A39178700648221 /* Release */,
			);
			defaultConfigurationIsVisible = 0;
			defaultConfigurationName = Release;
		};
		357D68C42A39178700648221 /* Build configuration list for PBXNativeTarget "loodosVakaUITests" */ = {
			isa = XCConfigurationList;
			buildConfigurations = (
				357D68C52A39178700648221 /* Debug */,
				357D68C62A39178700648221 /* Release */,
			);
			defaultConfigurationIsVisible = 0;
			defaultConfigurationName = Release;
		};
/* End XCConfigurationList section */
	};
	rootObject = 357D68922A39178500648221 /* Project object */;
}
